# Public upstream runtime lock. No secrets belong in this file.
LIBXRAY_VERSION=v26.9.9
LIBXRAY_COMMIT_SHA=50b95979f5db551bd273165cf469e5daaf791341
LIBXRAY_ANDROID_ARCHIVE=libxray-android.zip
LIBXRAY_ANDROID_SHA256=4998a8b56e4a78a164b5359d5690036f83da3b575465cea57ddf29c0149c345f
LIBXRAY_APPLE_ARCHIVE=libxray-apple-cgo.zip
LIBXRAY_APPLE_SHA256=84a11f0923efb65be7631b3c4cac75bd4351fc13b9cc2394def6af5c1696e9fa
XRAY_CORE_VERSION=v26.9.9
XRAY_CORE_LINUX_X64_ARCHIVE=Xray-linux-64.zip
XRAY_CORE_LINUX_X64_SHA256=1eb9175d0f0a8f8149c9230a7fc5ae66ce332ed20a53155ce61fe62e3f58b7df
